// !$*UTF8*$!
{
	archiveVersion = 1;
	classes = {
	};
	objectVersion = 51;
	objects = {

/* Begin PBXBuildFile section */
		59069D4D22FA08D1009D317B /* Categories in Resources */ = {isa = PBXBuildFile; fileRef = 59069D4C22FA08D1009D317B /* Categories */; };
		59069D4F22FA35C4009D317B /* CategoriesService.swift in Sources */ = {isa = PBXBuildFile; fileRef = 59069D4E22FA35C4009D317B /* CategoriesService.swift */; };
		59069D5122FA482E009D317B /* PickerViewViewAdapter.swift in Sources */ = {isa = PBXBuildFile; fileRef = 59069D5022FA482E009D317B /* PickerViewViewAdapter.swift */; };
		590B671B22F0D9DE00D439B0 /* StoryboardInitializable.swift in Sources */ = {isa = PBXBuildFile; fileRef = 590B671A22F0D9DE00D439B0 /* StoryboardInitializable.swift */; };
		590B675422F0FD0B00D439B0 /* TimelineViewController.swift in Sources */ = {isa = PBXBuildFile; fileRef = 590B675322F0FD0B00D439B0 /* TimelineViewController.swift */; };
		590B675622F0FD1E00D439B0 /* MoreViewController.swift in Sources */ = {isa = PBXBuildFile; fileRef = 590B675522F0FD1E00D439B0 /* MoreViewController.swift */; };
		590B675C22F0FE9100D439B0 /* TabBarCoordinator.swift in Sources */ = {isa = PBXBuildFile; fileRef = 590B675B22F0FE9100D439B0 /* TabBarCoordinator.swift */; };
		590B675E22F102DF00D439B0 /* MapCoordinator.swift in Sources */ = {isa = PBXBuildFile; fileRef = 590B675D22F102DF00D439B0 /* MapCoordinator.swift */; };
		590B676022F103C400D439B0 /* TimelineCoordinator.swift in Sources */ = {isa = PBXBuildFile; fileRef = 590B675F22F103C400D439B0 /* TimelineCoordinator.swift */; };
		590B676222F1040A00D439B0 /* MoreCoordinator.swift in Sources */ = {isa = PBXBuildFile; fileRef = 590B676122F1040A00D439B0 /* MoreCoordinator.swift */; };
		590B676422F1053400D439B0 /* AppCoordinator.swift in Sources */ = {isa = PBXBuildFile; fileRef = 590B676322F1053400D439B0 /* AppCoordinator.swift */; };
		590B676722F115EA00D439B0 /* CLLocationManager+Rx.swift in Sources */ = {isa = PBXBuildFile; fileRef = 590B676622F115EA00D439B0 /* CLLocationManager+Rx.swift */; };
		5917FD6C22FCBF4200D98225 /* CustomCalloutView.swift in Sources */ = {isa = PBXBuildFile; fileRef = 5917FD6B22FCBF4200D98225 /* CustomCalloutView.swift */; };
		5917FD6E22FCBF6500D98225 /* CustomCalloutView.xib in Resources */ = {isa = PBXBuildFile; fileRef = 5917FD6D22FCBF6500D98225 /* CustomCalloutView.xib */; };
		5929CC4622F0B6450089947C /* AppDelegate.swift in Sources */ = {isa = PBXBuildFile; fileRef = 5929CC4522F0B6450089947C /* AppDelegate.swift */; };
		5929CC4822F0B6450089947C /* MapViewController.swift in Sources */ = {isa = PBXBuildFile; fileRef = 5929CC4722F0B6450089947C /* MapViewController.swift */; };
		5929CC4B22F0B6450089947C /* Main.storyboard in Resources */ = {isa = PBXBuildFile; fileRef = 5929CC4922F0B6450089947C /* Main.storyboard */; };
		5929CC4D22F0B6460089947C /* Assets.xcassets in Resources */ = {isa = PBXBuildFile; fileRef = 5929CC4C22F0B6460089947C /* Assets.xcassets */; };
		5929CC5022F0B6460089947C /* LaunchScreen.storyboard in Resources */ = {isa = PBXBuildFile; fileRef = 5929CC4E22F0B6460089947C /* LaunchScreen.storyboard */; };
		593A055622F363D900FCD118 /* PhotoLibraryService.swift in Sources */ = {isa = PBXBuildFile; fileRef = 593A055522F363D900FCD118 /* PhotoLibraryService.swift */; };
		593A055822F39F5500FCD118 /* LocationService.swift in Sources */ = {isa = PBXBuildFile; fileRef = 593A055722F39F5500FCD118 /* LocationService.swift */; };
		593D193622FB97FB00B98E07 /* PostAnnotationView.swift in Sources */ = {isa = PBXBuildFile; fileRef = 593D193522FB97FB00B98E07 /* PostAnnotationView.swift */; };
		5944D44F22F0C8790049F1D2 /* GoogleService-Info.plist in Resources */ = {isa = PBXBuildFile; fileRef = 5944D44E22F0C8790049F1D2 /* GoogleService-Info.plist */; };
		5975024922FE218500A66145 /* FullPhotoCoordinator.swift in Sources */ = {isa = PBXBuildFile; fileRef = 5975024822FE218500A66145 /* FullPhotoCoordinator.swift */; };
		5975024B22FE219C00A66145 /* FullPhotoViewController.swift in Sources */ = {isa = PBXBuildFile; fileRef = 5975024A22FE219C00A66145 /* FullPhotoViewController.swift */; };
		59DA4AB82302420B00843954 /* AdaptiveScrollView.swift in Sources */ = {isa = PBXBuildFile; fileRef = 59DA4AB72302420B00843954 /* AdaptiveScrollView.swift */; };
		59EC38C622F0CDB50034DFF4 /* BaseCoordinator.swift in Sources */ = {isa = PBXBuildFile; fileRef = 59EC38C522F0CDB50034DFF4 /* BaseCoordinator.swift */; };
		59FB8C0722F89C4A00F987EF /* PostViewController.swift in Sources */ = {isa = PBXBuildFile; fileRef = 59FB8C0622F89C4A00F987EF /* PostViewController.swift */; };
		59FB8C0922F89C5600F987EF /* PostViewModel.swift in Sources */ = {isa = PBXBuildFile; fileRef = 59FB8C0822F89C5600F987EF /* PostViewModel.swift */; };
		59FB8C0B22F89C6100F987EF /* PostCoordinator.swift in Sources */ = {isa = PBXBuildFile; fileRef = 59FB8C0A22F89C6100F987EF /* PostCoordinator.swift */; };
		59FB8C0D22F89D0D00F987EF /* PostView.swift in Sources */ = {isa = PBXBuildFile; fileRef = 59FB8C0C22F89D0D00F987EF /* PostView.swift */; };
		59FB8C0F22F8B29C00F987EF /* PostAnnotation.swift in Sources */ = {isa = PBXBuildFile; fileRef = 59FB8C0E22F8B29C00F987EF /* PostAnnotation.swift */; };
		59FB8C1122F8C7E800F987EF /* DateService.swift in Sources */ = {isa = PBXBuildFile; fileRef = 59FB8C1022F8C7E800F987EF /* DateService.swift */; };
		59FEEF8E22F26D78004178AC /* UIImagePickerController+RxCreate.swift in Sources */ = {isa = PBXBuildFile; fileRef = 59FEEF8D22F26D78004178AC /* UIImagePickerController+RxCreate.swift */; };
		59FEEF9022F26EE6004178AC /* UIImagePickerController+Rx.swift in Sources */ = {isa = PBXBuildFile; fileRef = 59FEEF8F22F26EE6004178AC /* UIImagePickerController+Rx.swift */; };
		59FEEF9222F27BD0004178AC /* MapViewModel.swift in Sources */ = {isa = PBXBuildFile; fileRef = 59FEEF9122F27BD0004178AC /* MapViewModel.swift */; };
		6D1EA8D621E01ABA6C7FC786 /* Pods_PhotoMap.framework in Frameworks */ = {isa = PBXBuildFile; fileRef = 236D2E662717BED2B4D9A9EC /* Pods_PhotoMap.framework */; };
/* End PBXBuildFile section */

/* Begin PBXFileReference section */
		1080D7247CEDCAB46288F2A3 /* Pods-PhotoMap.release.xcconfig */ = {isa = PBXFileReference; includeInIndex = 1; lastKnownFileType = text.xcconfig; name = "Pods-PhotoMap.release.xcconfig"; path = "Target Support Files/Pods-PhotoMap/Pods-PhotoMap.release.xcconfig"; sourceTree = "<group>"; };
		236D2E662717BED2B4D9A9EC /* Pods_PhotoMap.framework */ = {isa = PBXFileReference; explicitFileType = wrapper.framework; includeInIndex = 0; path = Pods_PhotoMap.framework; sourceTree = BUILT_PRODUCTS_DIR; };
		59069D4C22FA08D1009D317B /* Categories */ = {isa = PBXFileReference; lastKnownFileType = folder; path = Categories; sourceTree = "<group>"; };
		59069D4E22FA35C4009D317B /* CategoriesService.swift */ = {isa = PBXFileReference; lastKnownFileType = sourcecode.swift; path = CategoriesService.swift; sourceTree = "<group>"; };
		59069D5022FA482E009D317B /* PickerViewViewAdapter.swift */ = {isa = PBXFileReference; lastKnownFileType = sourcecode.swift; path = PickerViewViewAdapter.swift; sourceTree = "<group>"; };
		590B671A22F0D9DE00D439B0 /* StoryboardInitializable.swift */ = {isa = PBXFileReference; lastKnownFileType = sourcecode.swift; path = StoryboardInitializable.swift; sourceTree = "<group>"; };
		590B675322F0FD0B00D439B0 /* TimelineViewController.swift */ = {isa = PBXFileReference; lastKnownFileType = sourcecode.swift; path = TimelineViewController.swift; sourceTree = "<group>"; };
		590B675522F0FD1E00D439B0 /* MoreViewController.swift */ = {isa = PBXFileReference; lastKnownFileType = sourcecode.swift; path = MoreViewController.swift; sourceTree = "<group>"; };
		590B675B22F0FE9100D439B0 /* TabBarCoordinator.swift */ = {isa = PBXFileReference; lastKnownFileType = sourcecode.swift; path = TabBarCoordinator.swift; sourceTree = "<group>"; };
		590B675D22F102DF00D439B0 /* MapCoordinator.swift */ = {isa = PBXFileReference; lastKnownFileType = sourcecode.swift; path = MapCoordinator.swift; sourceTree = "<group>"; };
		590B675F22F103C400D439B0 /* TimelineCoordinator.swift */ = {isa = PBXFileReference; lastKnownFileType = sourcecode.swift; path = TimelineCoordinator.swift; sourceTree = "<group>"; };
		590B676122F1040A00D439B0 /* MoreCoordinator.swift */ = {isa = PBXFileReference; lastKnownFileType = sourcecode.swift; path = MoreCoordinator.swift; sourceTree = "<group>"; };
		590B676322F1053400D439B0 /* AppCoordinator.swift */ = {isa = PBXFileReference; lastKnownFileType = sourcecode.swift; path = AppCoordinator.swift; sourceTree = "<group>"; };
		590B676622F115EA00D439B0 /* CLLocationManager+Rx.swift */ = {isa = PBXFileReference; lastKnownFileType = sourcecode.swift; path = "CLLocationManager+Rx.swift"; sourceTree = "<group>"; };
		5917FD6B22FCBF4200D98225 /* CustomCalloutView.swift */ = {isa = PBXFileReference; lastKnownFileType = sourcecode.swift; path = CustomCalloutView.swift; sourceTree = "<group>"; };
		5917FD6D22FCBF6500D98225 /* CustomCalloutView.xib */ = {isa = PBXFileReference; lastKnownFileType = file.xib; path = CustomCalloutView.xib; sourceTree = "<group>"; };
		5929CC4222F0B6450089947C /* PhotoMap.app */ = {isa = PBXFileReference; explicitFileType = wrapper.application; includeInIndex = 0; path = PhotoMap.app; sourceTree = BUILT_PRODUCTS_DIR; };
		5929CC4522F0B6450089947C /* AppDelegate.swift */ = {isa = PBXFileReference; lastKnownFileType = sourcecode.swift; path = AppDelegate.swift; sourceTree = "<group>"; };
		5929CC4722F0B6450089947C /* MapViewController.swift */ = {isa = PBXFileReference; lastKnownFileType = sourcecode.swift; path = MapViewController.swift; sourceTree = "<group>"; };
		5929CC4A22F0B6450089947C /* Base */ = {isa = PBXFileReference; lastKnownFileType = file.storyboard; name = Base; path = Base.lproj/Main.storyboard; sourceTree = "<group>"; };
		5929CC4C22F0B6460089947C /* Assets.xcassets */ = {isa = PBXFileReference; lastKnownFileType = folder.assetcatalog; path = Assets.xcassets; sourceTree = "<group>"; };
		5929CC4F22F0B6460089947C /* Base */ = {isa = PBXFileReference; lastKnownFileType = file.storyboard; name = Base; path = Base.lproj/LaunchScreen.storyboard; sourceTree = "<group>"; };
		5929CC5122F0B6460089947C /* Info.plist */ = {isa = PBXFileReference; lastKnownFileType = text.plist.xml; path = Info.plist; sourceTree = "<group>"; };
		593A055522F363D900FCD118 /* PhotoLibraryService.swift */ = {isa = PBXFileReference; lastKnownFileType = sourcecode.swift; path = PhotoLibraryService.swift; sourceTree = "<group>"; };
		593A055722F39F5500FCD118 /* LocationService.swift */ = {isa = PBXFileReference; lastKnownFileType = sourcecode.swift; path = LocationService.swift; sourceTree = "<group>"; };
		593D193522FB97FB00B98E07 /* PostAnnotationView.swift */ = {isa = PBXFileReference; lastKnownFileType = sourcecode.swift; path = PostAnnotationView.swift; sourceTree = "<group>"; };
		5944D44E22F0C8790049F1D2 /* GoogleService-Info.plist */ = {isa = PBXFileReference; fileEncoding = 4; lastKnownFileType = text.plist.xml; path = "GoogleService-Info.plist"; sourceTree = "<group>"; };
		5975024822FE218500A66145 /* FullPhotoCoordinator.swift */ = {isa = PBXFileReference; lastKnownFileType = sourcecode.swift; path = FullPhotoCoordinator.swift; sourceTree = "<group>"; };
		5975024A22FE219C00A66145 /* FullPhotoViewController.swift */ = {isa = PBXFileReference; lastKnownFileType = sourcecode.swift; path = FullPhotoViewController.swift; sourceTree = "<group>"; };
		59DA4AB72302420B00843954 /* AdaptiveScrollView.swift */ = {isa = PBXFileReference; lastKnownFileType = sourcecode.swift; path = AdaptiveScrollView.swift; sourceTree = "<group>"; };
		59EC38C522F0CDB50034DFF4 /* BaseCoordinator.swift */ = {isa = PBXFileReference; lastKnownFileType = sourcecode.swift; path = BaseCoordinator.swift; sourceTree = "<group>"; };
		59FB8C0622F89C4A00F987EF /* PostViewController.swift */ = {isa = PBXFileReference; lastKnownFileType = sourcecode.swift; path = PostViewController.swift; sourceTree = "<group>"; };
		59FB8C0822F89C5600F987EF /* PostViewModel.swift */ = {isa = PBXFileReference; lastKnownFileType = sourcecode.swift; path = PostViewModel.swift; sourceTree = "<group>"; };
		59FB8C0A22F89C6100F987EF /* PostCoordinator.swift */ = {isa = PBXFileReference; lastKnownFileType = sourcecode.swift; path = PostCoordinator.swift; sourceTree = "<group>"; };
		59FB8C0C22F89D0D00F987EF /* PostView.swift */ = {isa = PBXFileReference; lastKnownFileType = sourcecode.swift; path = PostView.swift; sourceTree = "<group>"; };
		59FB8C0E22F8B29C00F987EF /* PostAnnotation.swift */ = {isa = PBXFileReference; lastKnownFileType = sourcecode.swift; path = PostAnnotation.swift; sourceTree = "<group>"; };
		59FB8C1022F8C7E800F987EF /* DateService.swift */ = {isa = PBXFileReference; lastKnownFileType = sourcecode.swift; path = DateService.swift; sourceTree = "<group>"; };
		59FEEF8D22F26D78004178AC /* UIImagePickerController+RxCreate.swift */ = {isa = PBXFileReference; lastKnownFileType = sourcecode.swift; path = "UIImagePickerController+RxCreate.swift"; sourceTree = "<group>"; };
		59FEEF8F22F26EE6004178AC /* UIImagePickerController+Rx.swift */ = {isa = PBXFileReference; lastKnownFileType = sourcecode.swift; path = "UIImagePickerController+Rx.swift"; sourceTree = "<group>"; };
		59FEEF9122F27BD0004178AC /* MapViewModel.swift */ = {isa = PBXFileReference; lastKnownFileType = sourcecode.swift; path = MapViewModel.swift; sourceTree = "<group>"; };
		CFD69C4753C329D6D88A1504 /* Pods-PhotoMap.debug.xcconfig */ = {isa = PBXFileReference; includeInIndex = 1; lastKnownFileType = text.xcconfig; name = "Pods-PhotoMap.debug.xcconfig"; path = "Target Support Files/Pods-PhotoMap/Pods-PhotoMap.debug.xcconfig"; sourceTree = "<group>"; };
/* End PBXFileReference section */

/* Begin PBXFrameworksBuildPhase section */
		5929CC3F22F0B6450089947C /* Frameworks */ = {
			isa = PBXFrameworksBuildPhase;
			buildActionMask = 2147483647;
			files = (
				6D1EA8D621E01ABA6C7FC786 /* Pods_PhotoMap.framework in Frameworks */,
			);
			runOnlyForDeploymentPostprocessing = 0;
		};
/* End PBXFrameworksBuildPhase section */

/* Begin PBXGroup section */
		3EF3BC6E2D59B895F998A989 /* Pods */ = {
			isa = PBXGroup;
			children = (
				CFD69C4753C329D6D88A1504 /* Pods-PhotoMap.debug.xcconfig */,
				1080D7247CEDCAB46288F2A3 /* Pods-PhotoMap.release.xcconfig */,
			);
			path = Pods;
			sourceTree = "<group>";
		};
		590B671C22F0DC5E00D439B0 /* Application */ = {
			isa = PBXGroup;
			children = (
				5929CC4522F0B6450089947C /* AppDelegate.swift */,
				590B676322F1053400D439B0 /* AppCoordinator.swift */,
			);
			path = Application;
			sourceTree = "<group>";
		};
		590B675722F0FD2500D439B0 /* Classes */ = {
			isa = PBXGroup;
			children = (
				590B675B22F0FE9100D439B0 /* TabBarCoordinator.swift */,
				59FB8C0522F89C0A00F987EF /* Popup Post */,
				590B675822F0FD9F00D439B0 /* Map */,
				590B675922F0FDA600D439B0 /* Timeline */,
				590B675A22F0FDAE00D439B0 /* More */,
			);
			path = Classes;
			sourceTree = "<group>";
		};
		590B675822F0FD9F00D439B0 /* Map */ = {
			isa = PBXGroup;
			children = (
				5975024722FE216B00A66145 /* Full Photo */,
				5917FD6A22FCBD4F00D98225 /* Annotation */,
				5929CC4722F0B6450089947C /* MapViewController.swift */,
				59FEEF9122F27BD0004178AC /* MapViewModel.swift */,
				590B675D22F102DF00D439B0 /* MapCoordinator.swift */,
			);
			path = Map;
			sourceTree = "<group>";
		};
		590B675922F0FDA600D439B0 /* Timeline */ = {
			isa = PBXGroup;
			children = (
				590B675322F0FD0B00D439B0 /* TimelineViewController.swift */,
				590B675F22F103C400D439B0 /* TimelineCoordinator.swift */,
			);
			path = Timeline;
			sourceTree = "<group>";
		};
		590B675A22F0FDAE00D439B0 /* More */ = {
			isa = PBXGroup;
			children = (
				590B675522F0FD1E00D439B0 /* MoreViewController.swift */,
				590B676122F1040A00D439B0 /* MoreCoordinator.swift */,
			);
			path = More;
			sourceTree = "<group>";
		};
		590B676522F115C500D439B0 /* Extensions */ = {
			isa = PBXGroup;
			children = (
				590B676622F115EA00D439B0 /* CLLocationManager+Rx.swift */,
				59FEEF8D22F26D78004178AC /* UIImagePickerController+RxCreate.swift */,
				59FEEF8F22F26EE6004178AC /* UIImagePickerController+Rx.swift */,
			);
			path = Extensions;
			sourceTree = "<group>";
		};
		5917FD6A22FCBD4F00D98225 /* Annotation */ = {
			isa = PBXGroup;
			children = (
				593D193522FB97FB00B98E07 /* PostAnnotationView.swift */,
				59FB8C0E22F8B29C00F987EF /* PostAnnotation.swift */,
				5917FD6B22FCBF4200D98225 /* CustomCalloutView.swift */,
				5917FD6D22FCBF6500D98225 /* CustomCalloutView.xib */,
			);
			path = Annotation;
			sourceTree = "<group>";
		};
		5929CC3922F0B6450089947C = {
			isa = PBXGroup;
			children = (
				5929CC4422F0B6450089947C /* PhotoMap */,
				5929CC4322F0B6450089947C /* Products */,
				3EF3BC6E2D59B895F998A989 /* Pods */,
				6EE61FC1DBF8B2A9FD5E4B03 /* Frameworks */,
			);
			sourceTree = "<group>";
		};
		5929CC4322F0B6450089947C /* Products */ = {
			isa = PBXGroup;
			children = (
				5929CC4222F0B6450089947C /* PhotoMap.app */,
			);
			name = Products;
			sourceTree = "<group>";
		};
		5929CC4422F0B6450089947C /* PhotoMap */ = {
			isa = PBXGroup;
			children = (
				59069D4C22FA08D1009D317B /* Categories */,
				590B671C22F0DC5E00D439B0 /* Application */,
				59EC38C422F0CD910034DFF4 /* Library */,
				590B675722F0FD2500D439B0 /* Classes */,
				5929CC4922F0B6450089947C /* Main.storyboard */,
				5929CC4C22F0B6460089947C /* Assets.xcassets */,
				5929CC4E22F0B6460089947C /* LaunchScreen.storyboard */,
				5929CC5122F0B6460089947C /* Info.plist */,
				5944D44E22F0C8790049F1D2 /* GoogleService-Info.plist */,
			);
			path = PhotoMap;
			sourceTree = "<group>";
		};
		593A055422F363B500FCD118 /* Services */ = {
			isa = PBXGroup;
			children = (
				593A055722F39F5500FCD118 /* LocationService.swift */,
				593A055522F363D900FCD118 /* PhotoLibraryService.swift */,
				59FB8C1022F8C7E800F987EF /* DateService.swift */,
				59069D4E22FA35C4009D317B /* CategoriesService.swift */,
			);
			path = Services;
			sourceTree = "<group>";
		};
		5975024722FE216B00A66145 /* Full Photo */ = {
			isa = PBXGroup;
			children = (
				5975024822FE218500A66145 /* FullPhotoCoordinator.swift */,
				5975024A22FE219C00A66145 /* FullPhotoViewController.swift */,
			);
			path = "Full Photo";
			sourceTree = "<group>";
		};
		59EC38C422F0CD910034DFF4 /* Library */ = {
			isa = PBXGroup;
			children = (
				590B671A22F0D9DE00D439B0 /* StoryboardInitializable.swift */,
				59EC38C522F0CDB50034DFF4 /* BaseCoordinator.swift */,
				59DA4AB72302420B00843954 /* AdaptiveScrollView.swift */,
				593A055422F363B500FCD118 /* Services */,
				590B676522F115C500D439B0 /* Extensions */,
			);
			path = Library;
			sourceTree = "<group>";
		};
		59FB8C0522F89C0A00F987EF /* Popup Post */ = {
			isa = PBXGroup;
			children = (
				59FB8C0622F89C4A00F987EF /* PostViewController.swift */,
				59FB8C0822F89C5600F987EF /* PostViewModel.swift */,
				59FB8C0A22F89C6100F987EF /* PostCoordinator.swift */,
				59FB8C0C22F89D0D00F987EF /* PostView.swift */,
				59069D5022FA482E009D317B /* PickerViewViewAdapter.swift */,
			);
			path = "Popup Post";
			sourceTree = "<group>";
		};
		6EE61FC1DBF8B2A9FD5E4B03 /* Frameworks */ = {
			isa = PBXGroup;
			children = (
				236D2E662717BED2B4D9A9EC /* Pods_PhotoMap.framework */,
			);
			name = Frameworks;
			sourceTree = "<group>";
		};
/* End PBXGroup section */

/* Begin PBXNativeTarget section */
		5929CC4122F0B6450089947C /* PhotoMap */ = {
			isa = PBXNativeTarget;
			buildConfigurationList = 5929CC5422F0B6460089947C /* Build configuration list for PBXNativeTarget "PhotoMap" */;
			buildPhases = (
				E19362EA99A77F99FD861F5D /* [CP] Check Pods Manifest.lock */,
				5929CC3E22F0B6450089947C /* Sources */,
				5929CC3F22F0B6450089947C /* Frameworks */,
				5929CC4022F0B6450089947C /* Resources */,
				AA62178F8DFF681474F17FF6 /* [CP] Embed Pods Frameworks */,
				F7E72EF75FF6CAC611A64E80 /* [CP] Copy Pods Resources */,
			);
			buildRules = (
			);
			dependencies = (
			);
			name = PhotoMap;
			productName = PhotoMap;
			productReference = 5929CC4222F0B6450089947C /* PhotoMap.app */;
			productType = "com.apple.product-type.application";
		};
/* End PBXNativeTarget section */

/* Begin PBXProject section */
		5929CC3A22F0B6450089947C /* Project object */ = {
			isa = PBXProject;
			attributes = {
				LastSwiftUpdateCheck = 1020;
				LastUpgradeCheck = 1020;
				ORGANIZATIONNAME = "Kiryl Klimiankou";
				TargetAttributes = {
					5929CC4122F0B6450089947C = {
						CreatedOnToolsVersion = 10.2.1;
					};
				};
			};
			buildConfigurationList = 5929CC3D22F0B6450089947C /* Build configuration list for PBXProject "PhotoMap" */;
			compatibilityVersion = "Xcode 9.3";
			developmentRegion = en;
			hasScannedForEncodings = 0;
			knownRegions = (
				en,
				Base,
			);
			mainGroup = 5929CC3922F0B6450089947C;
			productRefGroup = 5929CC4322F0B6450089947C /* Products */;
			projectDirPath = "";
			projectRoot = "";
			targets = (
				5929CC4122F0B6450089947C /* PhotoMap */,
			);
		};
/* End PBXProject section */

/* Begin PBXResourcesBuildPhase section */
		5929CC4022F0B6450089947C /* Resources */ = {
			isa = PBXResourcesBuildPhase;
			buildActionMask = 2147483647;
			files = (
				5929CC5022F0B6460089947C /* LaunchScreen.storyboard in Resources */,
				5944D44F22F0C8790049F1D2 /* GoogleService-Info.plist in Resources */,
				5929CC4D22F0B6460089947C /* Assets.xcassets in Resources */,
				5929CC4B22F0B6450089947C /* Main.storyboard in Resources */,
				5917FD6E22FCBF6500D98225 /* CustomCalloutView.xib in Resources */,
				59069D4D22FA08D1009D317B /* Categories in Resources */,
			);
			runOnlyForDeploymentPostprocessing = 0;
		};
/* End PBXResourcesBuildPhase section */

/* Begin PBXShellScriptBuildPhase section */
		AA62178F8DFF681474F17FF6 /* [CP] Embed Pods Frameworks */ = {
			isa = PBXShellScriptBuildPhase;
			buildActionMask = 2147483647;
			files = (
			);
			inputFileListPaths = (
				"${PODS_ROOT}/Target Support Files/Pods-PhotoMap/Pods-PhotoMap-frameworks-${CONFIGURATION}-input-files.xcfilelist",
			);
			name = "[CP] Embed Pods Frameworks";
			outputFileListPaths = (
				"${PODS_ROOT}/Target Support Files/Pods-PhotoMap/Pods-PhotoMap-frameworks-${CONFIGURATION}-output-files.xcfilelist",
			);
			runOnlyForDeploymentPostprocessing = 0;
			shellPath = /bin/sh;
			shellScript = "\"${PODS_ROOT}/Target Support Files/Pods-PhotoMap/Pods-PhotoMap-frameworks.sh\"\n";
			showEnvVarsInLog = 0;
		};
		E19362EA99A77F99FD861F5D /* [CP] Check Pods Manifest.lock */ = {
			isa = PBXShellScriptBuildPhase;
			buildActionMask = 2147483647;
			files = (
			);
			inputFileListPaths = (
			);
			inputPaths = (
				"${PODS_PODFILE_DIR_PATH}/Podfile.lock",
				"${PODS_ROOT}/Manifest.lock",
			);
			name = "[CP] Check Pods Manifest.lock";
			outputFileListPaths = (
			);
			outputPaths = (
				"$(DERIVED_FILE_DIR)/Pods-PhotoMap-checkManifestLockResult.txt",
			);
			runOnlyForDeploymentPostprocessing = 0;
			shellPath = /bin/sh;
			shellScript = "diff \"${PODS_PODFILE_DIR_PATH}/Podfile.lock\" \"${PODS_ROOT}/Manifest.lock\" > /dev/null\nif [ $? != 0 ] ; then\n    # print error to STDERR\n    echo \"error: The sandbox is not in sync with the Podfile.lock. Run 'pod install' or update your CocoaPods installation.\" >&2\n    exit 1\nfi\n# This output is used by Xcode 'outputs' to avoid re-running this script phase.\necho \"SUCCESS\" > \"${SCRIPT_OUTPUT_FILE_0}\"\n";
			showEnvVarsInLog = 0;
		};
		F7E72EF75FF6CAC611A64E80 /* [CP] Copy Pods Resources */ = {
			isa = PBXShellScriptBuildPhase;
			buildActionMask = 2147483647;
			files = (
			);
			inputFileListPaths = (
				"${PODS_ROOT}/Target Support Files/Pods-PhotoMap/Pods-PhotoMap-resources-${CONFIGURATION}-input-files.xcfilelist",
			);
			name = "[CP] Copy Pods Resources";
			outputFileListPaths = (
				"${PODS_ROOT}/Target Support Files/Pods-PhotoMap/Pods-PhotoMap-resources-${CONFIGURATION}-output-files.xcfilelist",
			);
			runOnlyForDeploymentPostprocessing = 0;
			shellPath = /bin/sh;
			shellScript = "\"${PODS_ROOT}/Target Support Files/Pods-PhotoMap/Pods-PhotoMap-resources.sh\"\n";
			showEnvVarsInLog = 0;
		};
/* End PBXShellScriptBuildPhase section */

/* Begin PBXSourcesBuildPhase section */
		5929CC3E22F0B6450089947C /* Sources */ = {
			isa = PBXSourcesBuildPhase;
			buildActionMask = 2147483647;
			files = (
				59FB8C0922F89C5600F987EF /* PostViewModel.swift in Sources */,
				590B676422F1053400D439B0 /* AppCoordinator.swift in Sources */,
				5929CC4822F0B6450089947C /* MapViewController.swift in Sources */,
				59FB8C1122F8C7E800F987EF /* DateService.swift in Sources */,
				590B675E22F102DF00D439B0 /* MapCoordinator.swift in Sources */,
				59FEEF9022F26EE6004178AC /* UIImagePickerController+Rx.swift in Sources */,
				593A055822F39F5500FCD118 /* LocationService.swift in Sources */,
				59EC38C622F0CDB50034DFF4 /* BaseCoordinator.swift in Sources */,
				59FEEF8E22F26D78004178AC /* UIImagePickerController+RxCreate.swift in Sources */,
				59FEEF9222F27BD0004178AC /* MapViewModel.swift in Sources */,
				59FB8C0D22F89D0D00F987EF /* PostView.swift in Sources */,
				593A055622F363D900FCD118 /* PhotoLibraryService.swift in Sources */,
				5917FD6C22FCBF4200D98225 /* CustomCalloutView.swift in Sources */,
				59FB8C0F22F8B29C00F987EF /* PostAnnotation.swift in Sources */,
				590B671B22F0D9DE00D439B0 /* StoryboardInitializable.swift in Sources */,
				59069D4F22FA35C4009D317B /* CategoriesService.swift in Sources */,
				590B675C22F0FE9100D439B0 /* TabBarCoordinator.swift in Sources */,
				59FB8C0722F89C4A00F987EF /* PostViewController.swift in Sources */,
				5975024922FE218500A66145 /* FullPhotoCoordinator.swift in Sources */,
				590B676222F1040A00D439B0 /* MoreCoordinator.swift in Sources */,
				59DA4AB82302420B00843954 /* AdaptiveScrollView.swift in Sources */,
				590B675622F0FD1E00D439B0 /* MoreViewController.swift in Sources */,
				5929CC4622F0B6450089947C /* AppDelegate.swift in Sources */,
				59FB8C0B22F89C6100F987EF /* PostCoordinator.swift in Sources */,
				590B676722F115EA00D439B0 /* CLLocationManager+Rx.swift in Sources */,
				593D193622FB97FB00B98E07 /* PostAnnotationView.swift in Sources */,
				59069D5122FA482E009D317B /* PickerViewViewAdapter.swift in Sources */,
				5975024B22FE219C00A66145 /* FullPhotoViewController.swift in Sources */,
				590B675422F0FD0B00D439B0 /* TimelineViewController.swift in Sources */,
				590B676022F103C400D439B0 /* TimelineCoordinator.swift in Sources */,
			);
			runOnlyForDeploymentPostprocessing = 0;
		};
/* End PBXSourcesBuildPhase section */

/* Begin PBXVariantGroup section */
		5929CC4922F0B6450089947C /* Main.storyboard */ = {
			isa = PBXVariantGroup;
			children = (
				5929CC4A22F0B6450089947C /* Base */,
			);
			name = Main.storyboard;
			sourceTree = "<group>";
		};
		5929CC4E22F0B6460089947C /* LaunchScreen.storyboard */ = {
			isa = PBXVariantGroup;
			children = (
				5929CC4F22F0B6460089947C /* Base */,
			);
			name = LaunchScreen.storyboard;
			sourceTree = "<group>";
		};
/* End PBXVariantGroup section */

/* Begin XCBuildConfiguration section */
		5929CC5222F0B6460089947C /* Debug */ = {
			isa = XCBuildConfiguration;
			buildSettings = {
				ALWAYS_SEARCH_USER_PATHS = NO;
				CLANG_ANALYZER_NONNULL = YES;
				CLANG_ANALYZER_NUMBER_OBJECT_CONVERSION = YES_AGGRESSIVE;
				CLANG_CXX_LANGUAGE_STANDARD = "gnu++14";
				CLANG_CXX_LIBRARY = "libc++";
				CLANG_ENABLE_MODULES = YES;
				CLANG_ENABLE_OBJC_ARC = YES;
				CLANG_ENABLE_OBJC_WEAK = YES;
				CLANG_WARN_BLOCK_CAPTURE_AUTORELEASING = YES;
				CLANG_WARN_BOOL_CONVERSION = YES;
				CLANG_WARN_COMMA = YES;
				CLANG_WARN_CONSTANT_CONVERSION = YES;
				CLANG_WARN_DEPRECATED_OBJC_IMPLEMENTATIONS = YES;
				CLANG_WARN_DIRECT_OBJC_ISA_USAGE = YES_ERROR;
				CLANG_WARN_DOCUMENTATION_COMMENTS = YES;
				CLANG_WARN_EMPTY_BODY = YES;
				CLANG_WARN_ENUM_CONVERSION = YES;
				CLANG_WARN_INFINITE_RECURSION = YES;
				CLANG_WARN_INT_CONVERSION = YES;
				CLANG_WARN_NON_LITERAL_NULL_CONVERSION = YES;
				CLANG_WARN_OBJC_IMPLICIT_RETAIN_SELF = YES;
				CLANG_WARN_OBJC_LITERAL_CONVERSION = YES;
				CLANG_WARN_OBJC_ROOT_CLASS = YES_ERROR;
				CLANG_WARN_RANGE_LOOP_ANALYSIS = YES;
				CLANG_WARN_STRICT_PROTOTYPES = YES;
				CLANG_WARN_SUSPICIOUS_MOVE = YES;
				CLANG_WARN_UNGUARDED_AVAILABILITY = YES_AGGRESSIVE;
				CLANG_WARN_UNREACHABLE_CODE = YES;
				CLANG_WARN__DUPLICATE_METHOD_MATCH = YES;
				CODE_SIGN_IDENTITY = "iPhone Developer";
				COPY_PHASE_STRIP = NO;
				DEBUG_INFORMATION_FORMAT = dwarf;
				ENABLE_STRICT_OBJC_MSGSEND = YES;
				ENABLE_TESTABILITY = YES;
				GCC_C_LANGUAGE_STANDARD = gnu11;
				GCC_DYNAMIC_NO_PIC = NO;
				GCC_NO_COMMON_BLOCKS = YES;
				GCC_OPTIMIZATION_LEVEL = 0;
				GCC_PREPROCESSOR_DEFINITIONS = (
					"DEBUG=1",
					"$(inherited)",
				);
				GCC_WARN_64_TO_32_BIT_CONVERSION = YES;
				GCC_WARN_ABOUT_RETURN_TYPE = YES_ERROR;
				GCC_WARN_UNDECLARED_SELECTOR = YES;
				GCC_WARN_UNINITIALIZED_AUTOS = YES_AGGRESSIVE;
				GCC_WARN_UNUSED_FUNCTION = YES;
				GCC_WARN_UNUSED_VARIABLE = YES;
				IPHONEOS_DEPLOYMENT_TARGET = 12.2;
				MTL_ENABLE_DEBUG_INFO = INCLUDE_SOURCE;
				MTL_FAST_MATH = YES;
				ONLY_ACTIVE_ARCH = YES;
				SDKROOT = iphoneos;
				SWIFT_ACTIVE_COMPILATION_CONDITIONS = DEBUG;
				SWIFT_OPTIMIZATION_LEVEL = "-Onone";
			};
			name = Debug;
		};
		5929CC5322F0B6460089947C /* Release */ = {
			isa = XCBuildConfiguration;
			buildSettings = {
				ALWAYS_SEARCH_USER_PATHS = NO;
				CLANG_ANALYZER_NONNULL = YES;
				CLANG_ANALYZER_NUMBER_OBJECT_CONVERSION = YES_AGGRESSIVE;
				CLANG_CXX_LANGUAGE_STANDARD = "gnu++14";
				CLANG_CXX_LIBRARY = "libc++";
				CLANG_ENABLE_MODULES = YES;
				CLANG_ENABLE_OBJC_ARC = YES;
				CLANG_ENABLE_OBJC_WEAK = YES;
				CLANG_WARN_BLOCK_CAPTURE_AUTORELEASING = YES;
				CLANG_WARN_BOOL_CONVERSION = YES;
				CLANG_WARN_COMMA = YES;
				CLANG_WARN_CONSTANT_CONVERSION = YES;
				CLANG_WARN_DEPRECATED_OBJC_IMPLEMENTATIONS = YES;
				CLANG_WARN_DIRECT_OBJC_ISA_USAGE = YES_ERROR;
				CLANG_WARN_DOCUMENTATION_COMMENTS = YES;
				CLANG_WARN_EMPTY_BODY = YES;
				CLANG_WARN_ENUM_CONVERSION = YES;
				CLANG_WARN_INFINITE_RECURSION = YES;
				CLANG_WARN_INT_CONVERSION = YES;
				CLANG_WARN_NON_LITERAL_NULL_CONVERSION = YES;
				CLANG_WARN_OBJC_IMPLICIT_RETAIN_SELF = YES;
				CLANG_WARN_OBJC_LITERAL_CONVERSION = YES;
				CLANG_WARN_OBJC_ROOT_CLASS = YES_ERROR;
				CLANG_WARN_RANGE_LOOP_ANALYSIS = YES;
				CLANG_WARN_STRICT_PROTOTYPES = YES;
				CLANG_WARN_SUSPICIOUS_MOVE = YES;
				CLANG_WARN_UNGUARDED_AVAILABILITY = YES_AGGRESSIVE;
				CLANG_WARN_UNREACHABLE_CODE = YES;
				CLANG_WARN__DUPLICATE_METHOD_MATCH = YES;
				CODE_SIGN_IDENTITY = "iPhone Developer";
				COPY_PHASE_STRIP = NO;
				DEBUG_INFORMATION_FORMAT = "dwarf-with-dsym";
				ENABLE_NS_ASSERTIONS = NO;
				ENABLE_STRICT_OBJC_MSGSEND = YES;
				GCC_C_LANGUAGE_STANDARD = gnu11;
				GCC_NO_COMMON_BLOCKS = YES;
				GCC_WARN_64_TO_32_BIT_CONVERSION = YES;
				GCC_WARN_ABOUT_RETURN_TYPE = YES_ERROR;
				GCC_WARN_UNDECLARED_SELECTOR = YES;
				GCC_WARN_UNINITIALIZED_AUTOS = YES_AGGRESSIVE;
				GCC_WARN_UNUSED_FUNCTION = YES;
				GCC_WARN_UNUSED_VARIABLE = YES;
				IPHONEOS_DEPLOYMENT_TARGET = 12.2;
				MTL_ENABLE_DEBUG_INFO = NO;
				MTL_FAST_MATH = YES;
				SDKROOT = iphoneos;
				SWIFT_COMPILATION_MODE = wholemodule;
				SWIFT_OPTIMIZATION_LEVEL = "-O";
				VALIDATE_PRODUCT = YES;
			};
			name = Release;
		};
		5929CC5522F0B6460089947C /* Debug */ = {
			isa = XCBuildConfiguration;
			baseConfigurationReference = CFD69C4753C329D6D88A1504 /* Pods-PhotoMap.debug.xcconfig */;
			buildSettings = {
				ASSETCATALOG_COMPILER_APPICON_NAME = AppIcon;
				CODE_SIGN_STYLE = Automatic;
				DEVELOPMENT_TEAM = 49GPYK54FQ;
				INFOPLIST_FILE = PhotoMap/Info.plist;
				LD_RUNPATH_SEARCH_PATHS = (
					"$(inherited)",
					"@executable_path/Frameworks",
				);
				PRODUCT_BUNDLE_IDENTIFIER = student.PhotoMap;
				PRODUCT_NAME = "$(TARGET_NAME)";
				SWIFT_VERSION = 5.0;
				TARGETED_DEVICE_FAMILY = "1,2";
			};
			name = Debug;
		};
		5929CC5622F0B6460089947C /* Release */ = {
			isa = XCBuildConfiguration;
			baseConfigurationReference = 1080D7247CEDCAB46288F2A3 /* Pods-PhotoMap.release.xcconfig */;
			buildSettings = {
				ASSETCATALOG_COMPILER_APPICON_NAME = AppIcon;
				CODE_SIGN_STYLE = Automatic;
				DEVELOPMENT_TEAM = 49GPYK54FQ;
				INFOPLIST_FILE = PhotoMap/Info.plist;
				LD_RUNPATH_SEARCH_PATHS = (
					"$(inherited)",
					"@executable_path/Frameworks",
				);
				PRODUCT_BUNDLE_IDENTIFIER = student.PhotoMap;
				PRODUCT_NAME = "$(TARGET_NAME)";
				SWIFT_VERSION = 5.0;
				TARGETED_DEVICE_FAMILY = "1,2";
			};
			name = Release;
		};
/* End XCBuildConfiguration section */

/* Begin XCConfigurationList section */
		5929CC3D22F0B6450089947C /* Build configuration list for PBXProject "PhotoMap" */ = {
			isa = XCConfigurationList;
			buildConfigurations = (
				5929CC5222F0B6460089947C /* Debug */,
				5929CC5322F0B6460089947C /* Release */,
			);
			defaultConfigurationIsVisible = 0;
			defaultConfigurationName = Release;
		};
		5929CC5422F0B6460089947C /* Build configuration list for PBXNativeTarget "PhotoMap" */ = {
			isa = XCConfigurationList;
			buildConfigurations = (
				5929CC5522F0B6460089947C /* Debug */,
				5929CC5622F0B6460089947C /* Release */,
			);
			defaultConfigurationIsVisible = 0;
			defaultConfigurationName = Release;
		};
/* End XCConfigurationList section */
	};
	rootObject = 5929CC3A22F0B6450089947C /* Project object */;
}
